
Microsoft Visual Studio Solution File, Format Version 12.00
# Visual Studio Version 17
VisualStudioVersion = 17.3.32825.248
MinimumVisualStudioVersion = 10.0.40219.1
Project("{FAE04EC0-301F-11D3-BF4B-00C04F79EFBC}") = "OnellectTestApp", "OnellectTestApp\OnellectTestApp.csproj", "{F455D190-6C83-4BA8-9B4F-21C8E421510B}"
EndProject
Project("{FAE04EC0-301F-11D3-BF4B-00C04F79EFBC}") = "OnellectRandomizer.Domain", "OnellectRandomizer.Domain\OnellectRandomizer.Domain.csproj", "{00E00D63-6AC4-4A81-A350-81AF795A116B}"
EndProject
Global
	GlobalSection(SolutionConfigurationPlatforms) = preSolution
		Debug|Any CPU = Debug|Any CPU
		Release|Any CPU = Release|Any CPU
	EndGlobalSection
	GlobalSection(ProjectConfigurationPlatforms) = postSolution
		{F455D190-6C83-4BA8-9B4F-21C8E421510B}.Debug|Any CPU.ActiveCfg = Debug|Any CPU
		{F455D190-6C83-4BA8-9B4F-21C8E421510B}.Debug|Any CPU.Build.0 = Debug|Any CPU
		{F455D190-6C83-4BA8-9B4F-21C8E421510B}.Release|Any CPU.ActiveCfg = Release|Any CPU
		{F455D190-6C83-4BA8-9B4F-21C8E421510B}.Release|Any CPU.Build.0 = Release|Any CPU
		{00E00D63-6AC4-4A81-A350-81AF795A116B}.Debug|Any CPU.ActiveCfg = Debug|Any CPU
		{00E00D63-6AC4-4A81-A350-81AF795A116B}.Debug|Any CPU.Build.0 = Debug|Any CPU
		{00E00D63-6AC4-4A81-A350-81AF795A116B}.Release|Any CPU.ActiveCfg = Release|Any CPU
		{00E00D63-6AC4-4A81-A350-81AF795A116B}.Release|Any CPU.Build.0 = Release|Any CPU
	EndGlobalSection
	GlobalSection(SolutionProperties) = preSolution
		HideSolutionNode = FALSE
	EndGlobalSection
	GlobalSection(ExtensibilityGlobals) = postSolution
		SolutionGuid = {50809301-E4E9-4FC1-909F-9CCD1AABD555}
	EndGlobalSection
EndGlobal
